
Microsoft Visual Studio Solution File, Format Version 12.00
# Visual Studio Version 16
VisualStudioVersion = 16.0.34114.132
MinimumVisualStudioVersion = 10.0.40219.1
Project("{FAE04EC0-301F-11D3-BF4B-00C04F79EFBC}") = "SalesProjectMVC", "SalesProjectMVC\SalesProjectMVC.csproj", "{93568EC3-47ED-4672-9FCD-FAA06BBEDB2C}"
EndProject
Global
	GlobalSection(SolutionConfigurationPlatforms) = preSolution
		Debug|Any CPU = Debug|Any CPU
		Release|Any CPU = Release|Any CPU
	EndGlobalSection
	GlobalSection(ProjectConfigurationPlatforms) = postSolution
		{93568EC3-47ED-4672-9FCD-FAA06BBEDB2C}.Debug|Any CPU.ActiveCfg = Debug|Any CPU
		{93568EC3-47ED-4672-9FCD-FAA06BBEDB2C}.Debug|Any CPU.Build.0 = Debug|Any CPU
		{93568EC3-47ED-4672-9FCD-FAA06BBEDB2C}.Release|Any CPU.ActiveCfg = Release|Any CPU
		{93568EC3-47ED-4672-9FCD-FAA06BBEDB2C}.Release|Any CPU.Build.0 = Release|Any CPU
	EndGlobalSection
	GlobalSection(SolutionProperties) = preSolution
		HideSolutionNode = FALSE
	EndGlobalSection
	GlobalSection(ExtensibilityGlobals) = postSolution
		SolutionGuid = {D73AEFC8-9A87-4ECA-B2C5-977B0B1D23A8}
	EndGlobalSection
EndGlobal
